{
  "name": "three-text",
  "version": "1.0.0",
  "lockfileVersion": 1,
  "requires": true,
  "dependencies": {
    "dat.gui": {
      "version": "0.7.7",
      "resolved": "https://registry.npmjs.org/dat.gui/-/dat.gui-0.7.7.tgz",
      "integrity": "sha512-sRl/28gF/XRC5ywC9I4zriATTsQcpSsRG7seXCPnTkK8/EQMIbCu5NPMpICLGxX9ZEUvcXR3ArLYCtgreFoMDw=="
    },
    "three": {
      "version": "0.125.0",
      "resolved": "https://registry.npmjs.org/three/-/three-0.125.0.tgz",
      "integrity": "sha512-qL36qUGsPQ/Ofo/RZdXwHwM7A8wzUSAIyawtjIebJSPvounUQeneSqxI0aBY2iwKpseGy+RUtj3C5f/z4poyXw=="
    }
  }
}
